
Microsoft Visual Studio Solution File, Format Version 12.00
# Visual Studio Version 16
VisualStudioVersion = 16.0.30413.136
MinimumVisualStudioVersion = 10.0.40219.1
Project("{FAE04EC0-301F-11D3-BF4B-00C04F79EFBC}") = "Layouts_App.UWP", "Layouts_App.UWP\Layouts_App.UWP.csproj", "{87892807-CCBB-40BE-9896-B5FD8D4D9F82}"
EndProject
Project("{FAE04EC0-301F-11D3-BF4B-00C04F79EFBC}") = "Layouts_App.Android", "Layouts_App.Android\Layouts_App.Android.csproj", "{42524860-5175-4756-8E8C-D12989517017}"
EndProject
Project("{FAE04EC0-301F-11D3-BF4B-00C04F79EFBC}") = "Layouts_App.iOS", "Layouts_App.iOS\Layouts_App.iOS.csproj", "{75669EE2-1264-472D-A516-8DE970FACA9B}"
EndProject
Project("{FAE04EC0-301F-11D3-BF4B-00C04F79EFBC}") = "Layouts_App", "Layouts_App\Layouts_App.csproj", "{43D6AB7F-C387-4EAC-8C12-FF2DB30E50E6}"
EndProject
Global
	GlobalSection(SolutionConfigurationPlatforms) = preSolution
		Debug|Any CPU = Debug|Any CPU
		Debug|ARM = Debug|ARM
		Debug|iPhone = Debug|iPhone
		Debug|iPhoneSimulator = Debug|iPhoneSimulator
		Debug|x64 = Debug|x64
		Debug|x86 = Debug|x86
		Release|Any CPU = Release|Any CPU
		Release|ARM = Release|ARM
		Release|iPhone = Release|iPhone
		Release|iPhoneSimulator = Release|iPhoneSimulator
		Release|x64 = Release|x64
		Release|x86 = Release|x86
	EndGlobalSection
	GlobalSection(ProjectConfigurationPlatforms) = postSolution
		{87892807-CCBB-40BE-9896-B5FD8D4D9F82}.Debug|Any CPU.ActiveCfg = Debug|x86
		{87892807-CCBB-40BE-9896-B5FD8D4D9F82}.Debug|Any CPU.Build.0 = Debug|x86
		{87892807-CCBB-40BE-9896-B5FD8D4D9F82}.Debug|Any CPU.Deploy.0 = Debug|x86
		{87892807-CCBB-40BE-9896-B5FD8D4D9F82}.Debug|ARM.ActiveCfg = Debug|ARM
		{87892807-CCBB-40BE-9896-B5FD8D4D9F82}.Debug|ARM.Build.0 = Debug|ARM
		{87892807-CCBB-40BE-9896-B5FD8D4D9F82}.Debug|ARM.Deploy.0 = Debug|ARM
		{87892807-CCBB-40BE-9896-B5FD8D4D9F82}.Debug|iPhone.ActiveCfg = Debug|x86
		{87892807-CCBB-40BE-9896-B5FD8D4D9F82}.Debug|iPhone.Build.0 = Debug|x86
		{87892807-CCBB-40BE-9896-B5FD8D4D9F82}.Debug|iPhone.Deploy.0 = Debug|x86
		{87892807-CCBB-40BE-9896-B5FD8D4D9F82}.Debug|iPhoneSimulator.ActiveCfg = Debug|x86
		{87892807-CCBB-40BE-9896-B5FD8D4D9F82}.Debug|iPhoneSimulator.Build.0 = Debug|x86
		{87892807-CCBB-40BE-9896-B5FD8D4D9F82}.Debug|iPhoneSimulator.Deploy.0 = Debug|x86
		{87892807-CCBB-40BE-9896-B5FD8D4D9F82}.Debug|x64.ActiveCfg = Debug|x64
		{87892807-CCBB-40BE-9896-B5FD8D4D9F82}.Debug|x64.Build.0 = Debug|x64
		{87892807-CCBB-40BE-9896-B5FD8D4D9F82}.Debug|x64.Deploy.0 = Debug|x64
		{87892807-CCBB-40BE-9896-B5FD8D4D9F82}.Debug|x86.ActiveCfg = Debug|x86
		{87892807-CCBB-40BE-9896-B5FD8D4D9F82}.Debug|x86.Build.0 = Debug|x86
		{87892807-CCBB-40BE-9896-B5FD8D4D9F82}.Debug|x86.Deploy.0 = Debug|x86
		{87892807-CCBB-40BE-9896-B5FD8D4D9F82}.Release|Any CPU.ActiveCfg = Release|x86
		{87892807-CCBB-40BE-9896-B5FD8D4D9F82}.Release|Any CPU.Build.0 = Release|x86
		{87892807-CCBB-40BE-9896-B5FD8D4D9F82}.Release|Any CPU.Deploy.0 = Release|x86
		{87892807-CCBB-40BE-9896-B5FD8D4D9F82}.Release|ARM.ActiveCfg = Release|ARM
		{87892807-CCBB-40BE-9896-B5FD8D4D9F82}.Release|ARM.Build.0 = Release|ARM
		{87892807-CCBB-40BE-9896-B5FD8D4D9F82}.Release|ARM.Deploy.0 = Release|ARM
		{87892807-CCBB-40BE-9896-B5FD8D4D9F82}.Release|iPhone.ActiveCfg = Release|x86
		{87892807-CCBB-40BE-9896-B5FD8D4D9F82}.Release|iPhone.Build.0 = Release|x86
		{87892807-CCBB-40BE-9896-B5FD8D4D9F82}.Release|iPhone.Deploy.0 = Release|x86
		{87892807-CCBB-40BE-9896-B5FD8D4D9F82}.Release|iPhoneSimulator.ActiveCfg = Release|x86
		{87892807-CCBB-40BE-9896-B5FD8D4D9F82}.Release|iPhoneSimulator.Build.0 = Release|x86
		{87892807-CCBB-40BE-9896-B5FD8D4D9F82}.Release|iPhoneSimulator.Deploy.0 = Release|x86
		{87892807-CCBB-40BE-9896-B5FD8D4D9F82}.Release|x64.ActiveCfg = Release|x64
		{87892807-CCBB-40BE-9896-B5FD8D4D9F82}.Release|x64.Build.0 = Release|x64
		{87892807-CCBB-40BE-9896-B5FD8D4D9F82}.Release|x64.Deploy.0 = Release|x64
		{87892807-CCBB-40BE-9896-B5FD8D4D9F82}.Release|x86.ActiveCfg = Release|x86
		{87892807-CCBB-40BE-9896-B5FD8D4D9F82}.Release|x86.Build.0 = Release|x86
		{87892807-CCBB-40BE-9896-B5FD8D4D9F82}.Release|x86.Deploy.0 = Release|x86
		{42524860-5175-4756-8E8C-D12989517017}.Debug|Any CPU.ActiveCfg = Debug|Any CPU
		{42524860-5175-4756-8E8C-D12989517017}.Debug|Any CPU.Build.0 = Debug|Any CPU
		{42524860-5175-4756-8E8C-D12989517017}.Debug|Any CPU.Deploy.0 = Debug|Any CPU
		{42524860-5175-4756-8E8C-D12989517017}.Debug|ARM.ActiveCfg = Debug|Any CPU
		{42524860-5175-4756-8E8C-D12989517017}.Debug|ARM.Build.0 = Debug|Any CPU
		{42524860-5175-4756-8E8C-D12989517017}.Debug|ARM.Deploy.0 = Debug|Any CPU
		{42524860-5175-4756-8E8C-D12989517017}.Debug|iPhone.ActiveCfg = Debug|Any CPU
		{42524860-5175-4756-8E8C-D12989517017}.Debug|iPhone.Build.0 = Debug|Any CPU
		{42524860-5175-4756-8E8C-D12989517017}.Debug|iPhone.Deploy.0 = Debug|Any CPU
		{42524860-5175-4756-8E8C-D12989517017}.Debug|iPhoneSimulator.ActiveCfg = Debug|Any CPU
		{42524860-5175-4756-8E8C-D12989517017}.Debug|iPhoneSimulator.Build.0 = Debug|Any CPU
		{42524860-5175-4756-8E8C-D12989517017}.Debug|iPhoneSimulator.Deploy.0 = Debug|Any CPU
		{42524860-5175-4756-8E8C-D12989517017}.Debug|x64.ActiveCfg = Debug|Any CPU
		{42524860-5175-4756-8E8C-D12989517017}.Debug|x64.Build.0 = Debug|Any CPU
		{42524860-5175-4756-8E8C-D12989517017}.Debug|x64.Deploy.0 = Debug|Any CPU
		{42524860-5175-4756-8E8C-D12989517017}.Debug|x86.ActiveCfg = Debug|Any CPU
		{42524860-5175-4756-8E8C-D12989517017}.Debug|x86.Build.0 = Debug|Any CPU
		{42524860-5175-4756-8E8C-D12989517017}.Debug|x86.Deploy.0 = Debug|Any CPU
		{42524860-5175-4756-8E8C-D12989517017}.Release|Any CPU.ActiveCfg = Release|Any CPU
		{42524860-5175-4756-8E8C-D12989517017}.Release|Any CPU.Build.0 = Release|Any CPU
		{42524860-5175-4756-8E8C-D12989517017}.Release|Any CPU.Deploy.0 = Release|Any CPU
		{42524860-5175-4756-8E8C-D12989517017}.Release|ARM.ActiveCfg = Release|Any CPU
		{42524860-5175-4756-8E8C-D12989517017}.Release|ARM.Build.0 = Release|Any CPU
		{42524860-5175-4756-8E8C-D12989517017}.Release|ARM.Deploy.0 = Release|Any CPU
		{42524860-5175-4756-8E8C-D12989517017}.Release|iPhone.ActiveCfg = Release|Any CPU
		{42524860-5175-4756-8E8C-D12989517017}.Release|iPhone.Build.0 = Release|Any CPU
		{42524860-5175-4756-8E8C-D12989517017}.Release|iPhone.Deploy.0 = Release|Any CPU
		{42524860-5175-4756-8E8C-D12989517017}.Release|iPhoneSimulator.ActiveCfg = Release|Any CPU
		{42524860-5175-4756-8E8C-D12989517017}.Release|iPhoneSimulator.Build.0 = Release|Any CPU
		{42524860-5175-4756-8E8C-D12989517017}.Release|iPhoneSimulator.Deploy.0 = Release|Any CPU
		{42524860-5175-4756-8E8C-D12989517017}.Release|x64.ActiveCfg = Release|Any CPU
		{42524860-5175-4756-8E8C-D12989517017}.Release|x64.Build.0 = Release|Any CPU
		{42524860-5175-4756-8E8C-D12989517017}.Release|x64.Deploy.0 = Release|Any CPU
		{42524860-5175-4756-8E8C-D12989517017}.Release|x86.ActiveCfg = Release|Any CPU
		{42524860-5175-4756-8E8C-D12989517017}.Release|x86.Build.0 = Release|Any CPU
		{42524860-5175-4756-8E8C-D12989517017}.Release|x86.Deploy.0 = Release|Any CPU
		{75669EE2-1264-472D-A516-8DE970FACA9B}.Debug|Any CPU.ActiveCfg = Debug|iPhone
		{75669EE2-1264-472D-A516-8DE970FACA9B}.Debug|Any CPU.Build.0 = Debug|iPhone
		{75669EE2-1264-472D-A516-8DE970FACA9B}.Debug|Any CPU.Deploy.0 = Debug|iPhone
		{75669EE2-1264-472D-A516-8DE970FACA9B}.Debug|ARM.ActiveCfg = Debug|iPhone
		{75669EE2-1264-472D-A516-8DE970FACA9B}.Debug|ARM.Build.0 = Debug|iPhone
		{75669EE2-1264-472D-A516-8DE970FACA9B}.Debug|ARM.Deploy.0 = Debug|iPhone
		{75669EE2-1264-472D-A516-8DE970FACA9B}.Debug|iPhone.ActiveCfg = Debug|iPhone
		{75669EE2-1264-472D-A516-8DE970FACA9B}.Debug|iPhone.Build.0 = Debug|iPhone
		{75669EE2-1264-472D-A516-8DE970FACA9B}.Debug|iPhone.Deploy.0 = Debug|iPhone
		{75669EE2-1264-472D-A516-8DE970FACA9B}.Debug|iPhoneSimulator.ActiveCfg = Debug|iPhoneSimulator
		{75669EE2-1264-472D-A516-8DE970FACA9B}.Debug|iPhoneSimulator.Build.0 = Debug|iPhoneSimulator
		{75669EE2-1264-472D-A516-8DE970FACA9B}.Debug|iPhoneSimulator.Deploy.0 = Debug|iPhoneSimulator
		{75669EE2-1264-472D-A516-8DE970FACA9B}.Debug|x64.ActiveCfg = Debug|iPhone
		{75669EE2-1264-472D-A516-8DE970FACA9B}.Debug|x64.Build.0 = Debug|iPhone
		{75669EE2-1264-472D-A516-8DE970FACA9B}.Debug|x64.Deploy.0 = Debug|iPhone
		{75669EE2-1264-472D-A516-8DE970FACA9B}.Debug|x86.ActiveCfg = Debug|iPhone
		{75669EE2-1264-472D-A516-8DE970FACA9B}.Debug|x86.Build.0 = Debug|iPhone
		{75669EE2-1264-472D-A516-8DE970FACA9B}.Debug|x86.Deploy.0 = Debug|iPhone
		{75669EE2-1264-472D-A516-8DE970FACA9B}.Release|Any CPU.ActiveCfg = Release|iPhone
		{75669EE2-1264-472D-A516-8DE970FACA9B}.Release|Any CPU.Build.0 = Release|iPhone
		{75669EE2-1264-472D-A516-8DE970FACA9B}.Release|Any CPU.Deploy.0 = Release|iPhone
		{75669EE2-1264-472D-A516-8DE970FACA9B}.Release|ARM.ActiveCfg = Release|iPhone
		{75669EE2-1264-472D-A516-8DE970FACA9B}.Release|ARM.Build.0 = Release|iPhone
		{75669EE2-1264-472D-A516-8DE970FACA9B}.Release|ARM.Deploy.0 = Release|iPhone
		{75669EE2-1264-472D-A516-8DE970FACA9B}.Release|iPhone.ActiveCfg = Release|iPhone
		{75669EE2-1264-472D-A516-8DE970FACA9B}.Release|iPhone.Build.0 = Release|iPhone
		{75669EE2-1264-472D-A516-8DE970FACA9B}.Release|iPhone.Deploy.0 = Release|iPhone
		{75669EE2-1264-472D-A516-8DE970FACA9B}.Release|iPhoneSimulator.ActiveCfg = Release|iPhoneSimulator
		{75669EE2-1264-472D-A516-8DE970FACA9B}.Release|iPhoneSimulator.Build.0 = Release|iPhoneSimulator
		{75669EE2-1264-472D-A516-8DE970FACA9B}.Release|iPhoneSimulator.Deploy.0 = Release|iPhoneSimulator
		{75669EE2-1264-472D-A516-8DE970FACA9B}.Release|x64.ActiveCfg = Release|iPhone
		{75669EE2-1264-472D-A516-8DE970FACA9B}.Release|x64.Build.0 = Release|iPhone
		{75669EE2-1264-472D-A516-8DE970FACA9B}.Release|x64.Deploy.0 = Release|iPhone
		{75669EE2-1264-472D-A516-8DE970FACA9B}.Release|x86.ActiveCfg = Release|iPhone
		{75669EE2-1264-472D-A516-8DE970FACA9B}.Release|x86.Build.0 = Release|iPhone
		{75669EE2-1264-472D-A516-8DE970FACA9B}.Release|x86.Deploy.0 = Release|iPhone
		{43D6AB7F-C387-4EAC-8C12-FF2DB30E50E6}.Debug|Any CPU.ActiveCfg = Debug|Any CPU
		{43D6AB7F-C387-4EAC-8C12-FF2DB30E50E6}.Debug|Any CPU.Build.0 = Debug|Any CPU
		{43D6AB7F-C387-4EAC-8C12-FF2DB30E50E6}.Debug|Any CPU.Deploy.0 = Debug|Any CPU
		{43D6AB7F-C387-4EAC-8C12-FF2DB30E50E6}.Debug|ARM.ActiveCfg = Debug|Any CPU
		{43D6AB7F-C387-4EAC-8C12-FF2DB30E50E6}.Debug|ARM.Build.0 = Debug|Any CPU
		{43D6AB7F-C387-4EAC-8C12-FF2DB30E50E6}.Debug|ARM.Deploy.0 = Debug|Any CPU
		{43D6AB7F-C387-4EAC-8C12-FF2DB30E50E6}.Debug|iPhone.ActiveCfg = Debug|Any CPU
		{43D6AB7F-C387-4EAC-8C12-FF2DB30E50E6}.Debug|iPhone.Build.0 = Debug|Any CPU
		{43D6AB7F-C387-4EAC-8C12-FF2DB30E50E6}.Debug|iPhone.Deploy.0 = Debug|Any CPU
		{43D6AB7F-C387-4EAC-8C12-FF2DB30E50E6}.Debug|iPhoneSimulator.ActiveCfg = Debug|Any CPU
		{43D6AB7F-C387-4EAC-8C12-FF2DB30E50E6}.Debug|iPhoneSimulator.Build.0 = Debug|Any CPU
		{43D6AB7F-C387-4EAC-8C12-FF2DB30E50E6}.Debug|iPhoneSimulator.Deploy.0 = Debug|Any CPU
		{43D6AB7F-C387-4EAC-8C12-FF2DB30E50E6}.Debug|x64.ActiveCfg = Debug|Any CPU
		{43D6AB7F-C387-4EAC-8C12-FF2DB30E50E6}.Debug|x64.Build.0 = Debug|Any CPU
		{43D6AB7F-C387-4EAC-8C12-FF2DB30E50E6}.Debug|x64.Deploy.0 = Debug|Any CPU
		{43D6AB7F-C387-4EAC-8C12-FF2DB30E50E6}.Debug|x86.ActiveCfg = Debug|Any CPU
		{43D6AB7F-C387-4EAC-8C12-FF2DB30E50E6}.Debug|x86.Build.0 = Debug|Any CPU
		{43D6AB7F-C387-4EAC-8C12-FF2DB30E50E6}.Debug|x86.Deploy.0 = Debug|Any CPU
		{43D6AB7F-C387-4EAC-8C12-FF2DB30E50E6}.Release|Any CPU.ActiveCfg = Release|Any CPU
		{43D6AB7F-C387-4EAC-8C12-FF2DB30E50E6}.Release|Any CPU.Build.0 = Release|Any CPU
		{43D6AB7F-C387-4EAC-8C12-FF2DB30E50E6}.Release|Any CPU.Deploy.0 = Release|Any CPU
		{43D6AB7F-C387-4EAC-8C12-FF2DB30E50E6}.Release|ARM.ActiveCfg = Release|Any CPU
		{43D6AB7F-C387-4EAC-8C12-FF2DB30E50E6}.Release|ARM.Build.0 = Release|Any CPU
		{43D6AB7F-C387-4EAC-8C12-FF2DB30E50E6}.Release|ARM.Deploy.0 = Release|Any CPU
		{43D6AB7F-C387-4EAC-8C12-FF2DB30E50E6}.Release|iPhone.ActiveCfg = Release|Any CPU
		{43D6AB7F-C387-4EAC-8C12-FF2DB30E50E6}.Release|iPhone.Build.0 = Release|Any CPU
		{43D6AB7F-C387-4EAC-8C12-FF2DB30E50E6}.Release|iPhone.Deploy.0 = Release|Any CPU
		{43D6AB7F-C387-4EAC-8C12-FF2DB30E50E6}.Release|iPhoneSimulator.ActiveCfg = Release|Any CPU
		{43D6AB7F-C387-4EAC-8C12-FF2DB30E50E6}.Release|iPhoneSimulator.Build.0 = Release|Any CPU
		{43D6AB7F-C387-4EAC-8C12-FF2DB30E50E6}.Release|iPhoneSimulator.Deploy.0 = Release|Any CPU
		{43D6AB7F-C387-4EAC-8C12-FF2DB30E50E6}.Release|x64.ActiveCfg = Release|Any CPU
		{43D6AB7F-C387-4EAC-8C12-FF2DB30E50E6}.Release|x64.Build.0 = Release|Any CPU
		{43D6AB7F-C387-4EAC-8C12-FF2DB30E50E6}.Release|x64.Deploy.0 = Release|Any CPU
		{43D6AB7F-C387-4EAC-8C12-FF2DB30E50E6}.Release|x86.ActiveCfg = Release|Any CPU
		{43D6AB7F-C387-4EAC-8C12-FF2DB30E50E6}.Release|x86.Build.0 = Release|Any CPU
		{43D6AB7F-C387-4EAC-8C12-FF2DB30E50E6}.Release|x86.Deploy.0 = Release|Any CPU
	EndGlobalSection
	GlobalSection(SolutionProperties) = preSolution
		HideSolutionNode = FALSE
	EndGlobalSection
	GlobalSection(ExtensibilityGlobals) = postSolution
		SolutionGuid = {749679B0-2166-4318-90FE-5AF606E8ADDC}
	EndGlobalSection
EndGlobal
